// !$*UTF8*$!
{
	archiveVersion = 1;
	classes = {
	};
	objectVersion = 52;
	objects = {

/* Begin PBXBuildFile section */
		A1C4AF3D26E838FE006CE2C9 /* AppDelegate.swift in Sources */ = {isa = PBXBuildFile; fileRef = A1C4AF3C26E838FE006CE2C9 /* AppDelegate.swift */; };
		A1C4AF3F26E838FE006CE2C9 /* SceneDelegate.swift in Sources */ = {isa = PBXBuildFile; fileRef = A1C4AF3E26E838FE006CE2C9 /* SceneDelegate.swift */; };
		A1C4AF4126E838FE006CE2C9 /* ViewController.swift in Sources */ = {isa = PBXBuildFile; fileRef = A1C4AF4026E838FE006CE2C9 /* ViewController.swift */; };
		A1C4AF4426E838FE006CE2C9 /* Main.storyboard in Resources */ = {isa = PBXBuildFile; fileRef = A1C4AF4226E838FE006CE2C9 /* Main.storyboard */; };
		A1C4AF4626E83901006CE2C9 /* Assets.xcassets in Resources */ = {isa = PBXBuildFile; fileRef = A1C4AF4526E83901006CE2C9 /* Assets.xcassets */; };
		A1C4AF4926E83901006CE2C9 /* LaunchScreen.storyboard in Resources */ = {isa = PBXBuildFile; fileRef = A1C4AF4726E83901006CE2C9 /* LaunchScreen.storyboard */; };
		A1C4AF9226E84912006CE2C9 /* README.md in Resources */ = {isa = PBXBuildFile; fileRef = A1C4AF9126E84912006CE2C9 /* README.md */; };
		A1E9FA7E2728AB70006CF8C2 /* BJNClientSDK.xcframework in Frameworks */ = {isa = PBXBuildFile; fileRef = A1F42A042728A2FF00455F38 /* BJNClientSDK.xcframework */; };
		A1F42A162728A2FF00455F38 /* bjnmediacapturer.xcframework in Frameworks */ = {isa = PBXBuildFile; fileRef = A1F429FE2728A2FE00455F38 /* bjnmediacapturer.xcframework */; };
		A1F42A172728A2FF00455F38 /* bjnmediacapturer.xcframework in Embed Frameworks */ = {isa = PBXBuildFile; fileRef = A1F429FE2728A2FE00455F38 /* bjnmediacapturer.xcframework */; settings = {ATTRIBUTES = (CodeSignOnCopy, RemoveHeadersOnCopy, ); }; };
		A1F42A182728A2FF00455F38 /* BJNiOSBroadcastExtension.xcframework in Frameworks */ = {isa = PBXBuildFile; fileRef = A1F429FF2728A2FE00455F38 /* BJNiOSBroadcastExtension.xcframework */; };
		A1F42A192728A2FF00455F38 /* BJNiOSBroadcastExtension.xcframework in Embed Frameworks */ = {isa = PBXBuildFile; fileRef = A1F429FF2728A2FE00455F38 /* BJNiOSBroadcastExtension.xcframework */; settings = {ATTRIBUTES = (CodeSignOnCopy, RemoveHeadersOnCopy, ); }; };
		A1F42A1A2728A2FF00455F38 /* PubNub.xcframework in Frameworks */ = {isa = PBXBuildFile; fileRef = A1F42A002728A2FE00455F38 /* PubNub.xcframework */; };
		A1F42A1B2728A2FF00455F38 /* PubNub.xcframework in Embed Frameworks */ = {isa = PBXBuildFile; fileRef = A1F42A002728A2FE00455F38 /* PubNub.xcframework */; settings = {ATTRIBUTES = (CodeSignOnCopy, RemoveHeadersOnCopy, ); }; };
		A1F42A1C2728A2FF00455F38 /* SocketRocket.xcframework in Frameworks */ = {isa = PBXBuildFile; fileRef = A1F42A012728A2FE00455F38 /* SocketRocket.xcframework */; };
		A1F42A1D2728A2FF00455F38 /* SocketRocket.xcframework in Embed Frameworks */ = {isa = PBXBuildFile; fileRef = A1F42A012728A2FE00455F38 /* SocketRocket.xcframework */; settings = {ATTRIBUTES = (CodeSignOnCopy, RemoveHeadersOnCopy, ); }; };
		A1F42A1E2728A2FF00455F38 /* VZXRCVVideoEffects.xcframework in Frameworks */ = {isa = PBXBuildFile; fileRef = A1F42A022728A2FE00455F38 /* VZXRCVVideoEffects.xcframework */; };
		A1F42A1F2728A2FF00455F38 /* VZXRCVVideoEffects.xcframework in Embed Frameworks */ = {isa = PBXBuildFile; fileRef = A1F42A022728A2FE00455F38 /* VZXRCVVideoEffects.xcframework */; settings = {ATTRIBUTES = (CodeSignOnCopy, RemoveHeadersOnCopy, ); }; };
		A1F42A202728A2FF00455F38 /* fiberClient.xcframework in Frameworks */ = {isa = PBXBuildFile; fileRef = A1F42A032728A2FF00455F38 /* fiberClient.xcframework */; };
		A1F42A212728A30000455F38 /* fiberClient.xcframework in Embed Frameworks */ = {isa = PBXBuildFile; fileRef = A1F42A032728A2FF00455F38 /* fiberClient.xcframework */; settings = {ATTRIBUTES = (CodeSignOnCopy, RemoveHeadersOnCopy, ); }; };
		A1F42A222728A30000455F38 /* BJNClientSDK.xcframework in Frameworks */ = {isa = PBXBuildFile; fileRef = A1F42A042728A2FF00455F38 /* BJNClientSDK.xcframework */; };
		A1F42A232728A30000455F38 /* BJNClientSDK.xcframework in Embed Frameworks */ = {isa = PBXBuildFile; fileRef = A1F42A042728A2FF00455F38 /* BJNClientSDK.xcframework */; settings = {ATTRIBUTES = (CodeSignOnCopy, RemoveHeadersOnCopy, ); }; };
		A1F42A242728A30000455F38 /* CocoaLumberjackSwift.xcframework in Frameworks */ = {isa = PBXBuildFile; fileRef = A1F42A052728A2FF00455F38 /* CocoaLumberjackSwift.xcframework */; };
		A1F42A252728A30000455F38 /* CocoaLumberjackSwift.xcframework in Embed Frameworks */ = {isa = PBXBuildFile; fileRef = A1F42A052728A2FF00455F38 /* CocoaLumberjackSwift.xcframework */; settings = {ATTRIBUTES = (CodeSignOnCopy, RemoveHeadersOnCopy, ); }; };
		A1F42A262728A30000455F38 /* BJNiOSCore.xcframework in Frameworks */ = {isa = PBXBuildFile; fileRef = A1F42A062728A2FF00455F38 /* BJNiOSCore.xcframework */; };
		A1F42A272728A30000455F38 /* BJNiOSCore.xcframework in Embed Frameworks */ = {isa = PBXBuildFile; fileRef = A1F42A062728A2FF00455F38 /* BJNiOSCore.xcframework */; settings = {ATTRIBUTES = (CodeSignOnCopy, RemoveHeadersOnCopy, ); }; };
		A1F42A282728A30000455F38 /* BJNClientCore.xcframework in Frameworks */ = {isa = PBXBuildFile; fileRef = A1F42A072728A2FF00455F38 /* BJNClientCore.xcframework */; };
		A1F42A292728A30000455F38 /* BJNClientCore.xcframework in Embed Frameworks */ = {isa = PBXBuildFile; fileRef = A1F42A072728A2FF00455F38 /* BJNClientCore.xcframework */; settings = {ATTRIBUTES = (CodeSignOnCopy, RemoveHeadersOnCopy, ); }; };
		A1F42A2A2728A30000455F38 /* VZXRCVFeatureVirtualBackgrounds.xcframework in Frameworks */ = {isa = PBXBuildFile; fileRef = A1F42A082728A2FF00455F38 /* VZXRCVFeatureVirtualBackgrounds.xcframework */; };
		A1F42A2B2728A30000455F38 /* VZXRCVFeatureVirtualBackgrounds.xcframework in Embed Frameworks */ = {isa = PBXBuildFile; fileRef = A1F42A082728A2FF00455F38 /* VZXRCVFeatureVirtualBackgrounds.xcframework */; settings = {ATTRIBUTES = (CodeSignOnCopy, RemoveHeadersOnCopy, ); }; };
		A1F42A2C2728A30000455F38 /* dvclient.xcframework in Frameworks */ = {isa = PBXBuildFile; fileRef = A1F42A092728A2FF00455F38 /* dvclient.xcframework */; };
		A1F42A2D2728A30000455F38 /* dvclient.xcframework in Embed Frameworks */ = {isa = PBXBuildFile; fileRef = A1F42A092728A2FF00455F38 /* dvclient.xcframework */; settings = {ATTRIBUTES = (CodeSignOnCopy, RemoveHeadersOnCopy, ); }; };
		A1F42A2E2728A30100455F38 /* CocoaLumberjack.xcframework in Frameworks */ = {isa = PBXBuildFile; fileRef = A1F42A0A2728A2FF00455F38 /* CocoaLumberjack.xcframework */; };
		A1F42A2F2728A30100455F38 /* CocoaLumberjack.xcframework in Embed Frameworks */ = {isa = PBXBuildFile; fileRef = A1F42A0A2728A2FF00455F38 /* CocoaLumberjack.xcframework */; settings = {ATTRIBUTES = (CodeSignOnCopy, RemoveHeadersOnCopy, ); }; };
		A1F42A302728A30100455F38 /* Mixpanel.xcframework in Frameworks */ = {isa = PBXBuildFile; fileRef = A1F42A0B2728A2FF00455F38 /* Mixpanel.xcframework */; };
		A1F42A312728A30100455F38 /* Mixpanel.xcframework in Embed Frameworks */ = {isa = PBXBuildFile; fileRef = A1F42A0B2728A2FF00455F38 /* Mixpanel.xcframework */; settings = {ATTRIBUTES = (CodeSignOnCopy, RemoveHeadersOnCopy, ); }; };
		A1F42A322728A30100455F38 /* Swinject.xcframework in Frameworks */ = {isa = PBXBuildFile; fileRef = A1F42A0C2728A2FF00455F38 /* Swinject.xcframework */; };
		A1F42A332728A30100455F38 /* Swinject.xcframework in Embed Frameworks */ = {isa = PBXBuildFile; fileRef = A1F42A0C2728A2FF00455F38 /* Swinject.xcframework */; settings = {ATTRIBUTES = (CodeSignOnCopy, RemoveHeadersOnCopy, ); }; };
		A1F42A342728A30100455F38 /* videoeffects.xcframework in Frameworks */ = {isa = PBXBuildFile; fileRef = A1F42A0D2728A2FF00455F38 /* videoeffects.xcframework */; };
		A1F42A352728A30100455F38 /* videoeffects.xcframework in Embed Frameworks */ = {isa = PBXBuildFile; fileRef = A1F42A0D2728A2FF00455F38 /* videoeffects.xcframework */; settings = {ATTRIBUTES = (CodeSignOnCopy, RemoveHeadersOnCopy, ); }; };
		A1F42A362728A30200455F38 /* BJNClientBaseCore.xcframework in Frameworks */ = {isa = PBXBuildFile; fileRef = A1F42A0E2728A2FF00455F38 /* BJNClientBaseCore.xcframework */; };
		A1F42A372728A30200455F38 /* BJNClientBaseCore.xcframework in Embed Frameworks */ = {isa = PBXBuildFile; fileRef = A1F42A0E2728A2FF00455F38 /* BJNClientBaseCore.xcframework */; settings = {ATTRIBUTES = (CodeSignOnCopy, RemoveHeadersOnCopy, ); }; };
		A1F42A382728A30200455F38 /* BJNAPIClient.xcframework in Frameworks */ = {isa = PBXBuildFile; fileRef = A1F42A0F2728A2FF00455F38 /* BJNAPIClient.xcframework */; };
		A1F42A392728A30200455F38 /* BJNAPIClient.xcframework in Embed Frameworks */ = {isa = PBXBuildFile; fileRef = A1F42A0F2728A2FF00455F38 /* BJNAPIClient.xcframework */; settings = {ATTRIBUTES = (CodeSignOnCopy, RemoveHeadersOnCopy, ); }; };
		A1F42A3A2728A30200455F38 /* BJNHTTP.xcframework in Frameworks */ = {isa = PBXBuildFile; fileRef = A1F42A102728A2FF00455F38 /* BJNHTTP.xcframework */; };
		A1F42A3B2728A30200455F38 /* BJNHTTP.xcframework in Embed Frameworks */ = {isa = PBXBuildFile; fileRef = A1F42A102728A2FF00455F38 /* BJNHTTP.xcframework */; settings = {ATTRIBUTES = (CodeSignOnCopy, RemoveHeadersOnCopy, ); }; };
		A1F42A3C2728A30200455F38 /* fiber.xcframework in Frameworks */ = {isa = PBXBuildFile; fileRef = A1F42A112728A2FF00455F38 /* fiber.xcframework */; };
		A1F42A3D2728A30200455F38 /* fiber.xcframework in Embed Frameworks */ = {isa = PBXBuildFile; fileRef = A1F42A112728A2FF00455F38 /* fiber.xcframework */; settings = {ATTRIBUTES = (CodeSignOnCopy, RemoveHeadersOnCopy, ); }; };
		A1F42A3E2728A30300455F38 /* koko.xcframework in Frameworks */ = {isa = PBXBuildFile; fileRef = A1F42A122728A2FF00455F38 /* koko.xcframework */; };
		A1F42A3F2728A30300455F38 /* koko.xcframework in Embed Frameworks */ = {isa = PBXBuildFile; fileRef = A1F42A122728A2FF00455F38 /* koko.xcframework */; settings = {ATTRIBUTES = (CodeSignOnCopy, RemoveHeadersOnCopy, ); }; };
		A1F42A402728A30300455F38 /* MMWormhole.xcframework in Frameworks */ = {isa = PBXBuildFile; fileRef = A1F42A132728A2FF00455F38 /* MMWormhole.xcframework */; };
		A1F42A412728A30300455F38 /* MMWormhole.xcframework in Embed Frameworks */ = {isa = PBXBuildFile; fileRef = A1F42A132728A2FF00455F38 /* MMWormhole.xcframework */; settings = {ATTRIBUTES = (CodeSignOnCopy, RemoveHeadersOnCopy, ); }; };
		A1F42A422728A30300455F38 /* VZXRCVCommon.xcframework in Frameworks */ = {isa = PBXBuildFile; fileRef = A1F42A142728A2FF00455F38 /* VZXRCVCommon.xcframework */; };
		A1F42A432728A30300455F38 /* VZXRCVCommon.xcframework in Embed Frameworks */ = {isa = PBXBuildFile; fileRef = A1F42A142728A2FF00455F38 /* VZXRCVCommon.xcframework */; settings = {ATTRIBUTES = (CodeSignOnCopy, RemoveHeadersOnCopy, ); }; };
		A1F42A442728A30400455F38 /* Reachability.xcframework in Frameworks */ = {isa = PBXBuildFile; fileRef = A1F42A152728A2FF00455F38 /* Reachability.xcframework */; };
		A1F42A452728A30400455F38 /* Reachability.xcframework in Embed Frameworks */ = {isa = PBXBuildFile; fileRef = A1F42A152728A2FF00455F38 /* Reachability.xcframework */; settings = {ATTRIBUTES = (CodeSignOnCopy, RemoveHeadersOnCopy, ); }; };
/* End PBXBuildFile section */

/* Begin PBXCopyFilesBuildPhase section */
		A1F42A462728A30400455F38 /* Embed Frameworks */ = {
			isa = PBXCopyFilesBuildPhase;
			buildActionMask = 2147483647;
			dstPath = "";
			dstSubfolderSpec = 10;
			files = (
				A1F42A452728A30400455F38 /* Reachability.xcframework in Embed Frameworks */,
				A1F42A3D2728A30200455F38 /* fiber.xcframework in Embed Frameworks */,
				A1F42A432728A30300455F38 /* VZXRCVCommon.xcframework in Embed Frameworks */,
				A1F42A2D2728A30000455F38 /* dvclient.xcframework in Embed Frameworks */,
				A1F42A2F2728A30100455F38 /* CocoaLumberjack.xcframework in Embed Frameworks */,
				A1F42A372728A30200455F38 /* BJNClientBaseCore.xcframework in Embed Frameworks */,
				A1F42A292728A30000455F38 /* BJNClientCore.xcframework in Embed Frameworks */,
				A1F42A392728A30200455F38 /* BJNAPIClient.xcframework in Embed Frameworks */,
				A1F42A272728A30000455F38 /* BJNiOSCore.xcframework in Embed Frameworks */,
				A1F42A3F2728A30300455F38 /* koko.xcframework in Embed Frameworks */,
				A1F42A1D2728A2FF00455F38 /* SocketRocket.xcframework in Embed Frameworks */,
				A1F42A2B2728A30000455F38 /* VZXRCVFeatureVirtualBackgrounds.xcframework in Embed Frameworks */,
				A1F42A352728A30100455F38 /* videoeffects.xcframework in Embed Frameworks */,
				A1F42A192728A2FF00455F38 /* BJNiOSBroadcastExtension.xcframework in Embed Frameworks */,
				A1F42A3B2728A30200455F38 /* BJNHTTP.xcframework in Embed Frameworks */,
				A1F42A332728A30100455F38 /* Swinject.xcframework in Embed Frameworks */,
				A1F42A312728A30100455F38 /* Mixpanel.xcframework in Embed Frameworks */,
				A1F42A252728A30000455F38 /* CocoaLumberjackSwift.xcframework in Embed Frameworks */,
				A1F42A172728A2FF00455F38 /* bjnmediacapturer.xcframework in Embed Frameworks */,
				A1F42A212728A30000455F38 /* fiberClient.xcframework in Embed Frameworks */,
				A1F42A412728A30300455F38 /* MMWormhole.xcframework in Embed Frameworks */,
				A1F42A232728A30000455F38 /* BJNClientSDK.xcframework in Embed Frameworks */,
				A1F42A1B2728A2FF00455F38 /* PubNub.xcframework in Embed Frameworks */,
				A1F42A1F2728A2FF00455F38 /* VZXRCVVideoEffects.xcframework in Embed Frameworks */,
			);
			name = "Embed Frameworks";
			runOnlyForDeploymentPostprocessing = 0;
		};
/* End PBXCopyFilesBuildPhase section */

/* Begin PBXFileReference section */
		A1C4AF3926E838FE006CE2C9 /* HelloBlueJeans.app */ = {isa = PBXFileReference; explicitFileType = wrapper.application; includeInIndex = 0; path = HelloBlueJeans.app; sourceTree = BUILT_PRODUCTS_DIR; };
		A1C4AF3C26E838FE006CE2C9 /* AppDelegate.swift */ = {isa = PBXFileReference; lastKnownFileType = sourcecode.swift; path = AppDelegate.swift; sourceTree = "<group>"; };
		A1C4AF3E26E838FE006CE2C9 /* SceneDelegate.swift */ = {isa = PBXFileReference; lastKnownFileType = sourcecode.swift; path = SceneDelegate.swift; sourceTree = "<group>"; };
		A1C4AF4026E838FE006CE2C9 /* ViewController.swift */ = {isa = PBXFileReference; lastKnownFileType = sourcecode.swift; path = ViewController.swift; sourceTree = "<group>"; };
		A1C4AF4326E838FE006CE2C9 /* Base */ = {isa = PBXFileReference; lastKnownFileType = file.storyboard; name = Base; path = Base.lproj/Main.storyboard; sourceTree = "<group>"; };
		A1C4AF4526E83901006CE2C9 /* Assets.xcassets */ = {isa = PBXFileReference; lastKnownFileType = folder.assetcatalog; path = Assets.xcassets; sourceTree = "<group>"; };
		A1C4AF4826E83901006CE2C9 /* Base */ = {isa = PBXFileReference; lastKnownFileType = file.storyboard; name = Base; path = Base.lproj/LaunchScreen.storyboard; sourceTree = "<group>"; };
		A1C4AF4A26E83901006CE2C9 /* Info.plist */ = {isa = PBXFileReference; lastKnownFileType = text.plist.xml; path = Info.plist; sourceTree = "<group>"; };
		A1C4AF9126E84912006CE2C9 /* README.md */ = {isa = PBXFileReference; lastKnownFileType = net.daringfireball.markdown; path = README.md; sourceTree = "<group>"; };
		A1F429FE2728A2FE00455F38 /* bjnmediacapturer.xcframework */ = {isa = PBXFileReference; lastKnownFileType = wrapper.xcframework; name = bjnmediacapturer.xcframework; path = ../Frameworks/bjnmediacapturer.xcframework; sourceTree = "<group>"; };
		A1F429FF2728A2FE00455F38 /* BJNiOSBroadcastExtension.xcframework */ = {isa = PBXFileReference; lastKnownFileType = wrapper.xcframework; name = BJNiOSBroadcastExtension.xcframework; path = ../Frameworks/BJNiOSBroadcastExtension.xcframework; sourceTree = "<group>"; };
		A1F42A002728A2FE00455F38 /* PubNub.xcframework */ = {isa = PBXFileReference; lastKnownFileType = wrapper.xcframework; name = PubNub.xcframework; path = ../Frameworks/PubNub.xcframework; sourceTree = "<group>"; };
		A1F42A012728A2FE00455F38 /* SocketRocket.xcframework */ = {isa = PBXFileReference; lastKnownFileType = wrapper.xcframework; name = SocketRocket.xcframework; path = ../Frameworks/SocketRocket.xcframework; sourceTree = "<group>"; };
		A1F42A022728A2FE00455F38 /* VZXRCVVideoEffects.xcframework */ = {isa = PBXFileReference; lastKnownFileType = wrapper.xcframework; name = VZXRCVVideoEffects.xcframework; path = ../Frameworks/VZXRCVVideoEffects.xcframework; sourceTree = "<group>"; };
		A1F42A032728A2FF00455F38 /* fiberClient.xcframework */ = {isa = PBXFileReference; lastKnownFileType = wrapper.xcframework; name = fiberClient.xcframework; path = ../Frameworks/fiberClient.xcframework; sourceTree = "<group>"; };
		A1F42A042728A2FF00455F38 /* BJNClientSDK.xcframework */ = {isa = PBXFileReference; lastKnownFileType = wrapper.xcframework; name = BJNClientSDK.xcframework; path = ../Frameworks/BJNClientSDK.xcframework; sourceTree = "<group>"; };
		A1F42A052728A2FF00455F38 /* CocoaLumberjackSwift.xcframework */ = {isa = PBXFileReference; lastKnownFileType = wrapper.xcframework; name = CocoaLumberjackSwift.xcframework; path = ../Frameworks/CocoaLumberjackSwift.xcframework; sourceTree = "<group>"; };
		A1F42A062728A2FF00455F38 /* BJNiOSCore.xcframework */ = {isa = PBXFileReference; lastKnownFileType = wrapper.xcframework; name = BJNiOSCore.xcframework; path = ../Frameworks/BJNiOSCore.xcframework; sourceTree = "<group>"; };
		A1F42A072728A2FF00455F38 /* BJNClientCore.xcframework */ = {isa = PBXFileReference; lastKnownFileType = wrapper.xcframework; name = BJNClientCore.xcframework; path = ../Frameworks/BJNClientCore.xcframework; sourceTree = "<group>"; };
		A1F42A082728A2FF00455F38 /* VZXRCVFeatureVirtualBackgrounds.xcframework */ = {isa = PBXFileReference; lastKnownFileType = wrapper.xcframework; name = VZXRCVFeatureVirtualBackgrounds.xcframework; path = ../Frameworks/VZXRCVFeatureVirtualBackgrounds.xcframework; sourceTree = "<group>"; };
		A1F42A092728A2FF00455F38 /* dvclient.xcframework */ = {isa = PBXFileReference; lastKnownFileType = wrapper.xcframework; name = dvclient.xcframework; path = ../Frameworks/dvclient.xcframework; sourceTree = "<group>"; };
		A1F42A0A2728A2FF00455F38 /* CocoaLumberjack.xcframework */ = {isa = PBXFileReference; lastKnownFileType = wrapper.xcframework; name = CocoaLumberjack.xcframework; path = ../Frameworks/CocoaLumberjack.xcframework; sourceTree = "<group>"; };
		A1F42A0B2728A2FF00455F38 /* Mixpanel.xcframework */ = {isa = PBXFileReference; lastKnownFileType = wrapper.xcframework; name = Mixpanel.xcframework; path = ../Frameworks/Mixpanel.xcframework; sourceTree = "<group>"; };
		A1F42A0C2728A2FF00455F38 /* Swinject.xcframework */ = {isa = PBXFileReference; lastKnownFileType = wrapper.xcframework; name = Swinject.xcframework; path = ../Frameworks/Swinject.xcframework; sourceTree = "<group>"; };
		A1F42A0D2728A2FF00455F38 /* videoeffects.xcframework */ = {isa = PBXFileReference; lastKnownFileType = wrapper.xcframework; name = videoeffects.xcframework; path = ../Frameworks/videoeffects.xcframework; sourceTree = "<group>"; };
		A1F42A0E2728A2FF00455F38 /* BJNClientBaseCore.xcframework */ = {isa = PBXFileReference; lastKnownFileType = wrapper.xcframework; name = BJNClientBaseCore.xcframework; path = ../Frameworks/BJNClientBaseCore.xcframework; sourceTree = "<group>"; };
		A1F42A0F2728A2FF00455F38 /* BJNAPIClient.xcframework */ = {isa = PBXFileReference; lastKnownFileType = wrapper.xcframework; name = BJNAPIClient.xcframework; path = ../Frameworks/BJNAPIClient.xcframework; sourceTree = "<group>"; };
		A1F42A102728A2FF00455F38 /* BJNHTTP.xcframework */ = {isa = PBXFileReference; lastKnownFileType = wrapper.xcframework; name = BJNHTTP.xcframework; path = ../Frameworks/BJNHTTP.xcframework; sourceTree = "<group>"; };
		A1F42A112728A2FF00455F38 /* fiber.xcframework */ = {isa = PBXFileReference; lastKnownFileType = wrapper.xcframework; name = fiber.xcframework; path = ../Frameworks/fiber.xcframework; sourceTree = "<group>"; };
		A1F42A122728A2FF00455F38 /* koko.xcframework */ = {isa = PBXFileReference; lastKnownFileType = wrapper.xcframework; name = koko.xcframework; path = ../Frameworks/koko.xcframework; sourceTree = "<group>"; };
		A1F42A132728A2FF00455F38 /* MMWormhole.xcframework */ = {isa = PBXFileReference; lastKnownFileType = wrapper.xcframework; name = MMWormhole.xcframework; path = ../Frameworks/MMWormhole.xcframework; sourceTree = "<group>"; };
		A1F42A142728A2FF00455F38 /* VZXRCVCommon.xcframework */ = {isa = PBXFileReference; lastKnownFileType = wrapper.xcframework; name = VZXRCVCommon.xcframework; path = ../Frameworks/VZXRCVCommon.xcframework; sourceTree = "<group>"; };
		A1F42A152728A2FF00455F38 /* Reachability.xcframework */ = {isa = PBXFileReference; lastKnownFileType = wrapper.xcframework; name = Reachability.xcframework; path = ../Frameworks/Reachability.xcframework; sourceTree = "<group>"; };
/* End PBXFileReference section */

/* Begin PBXFrameworksBuildPhase section */
		A1C4AF3626E838FE006CE2C9 /* Frameworks */ = {
			isa = PBXFrameworksBuildPhase;
			buildActionMask = 2147483647;
			files = (
				A1F42A442728A30400455F38 /* Reachability.xcframework in Frameworks */,
				A1F42A3C2728A30200455F38 /* fiber.xcframework in Frameworks */,
				A1F42A422728A30300455F38 /* VZXRCVCommon.xcframework in Frameworks */,
				A1F42A2C2728A30000455F38 /* dvclient.xcframework in Frameworks */,
				A1F42A2E2728A30100455F38 /* CocoaLumberjack.xcframework in Frameworks */,
				A1F42A362728A30200455F38 /* BJNClientBaseCore.xcframework in Frameworks */,
				A1F42A282728A30000455F38 /* BJNClientCore.xcframework in Frameworks */,
				A1F42A382728A30200455F38 /* BJNAPIClient.xcframework in Frameworks */,
				A1F42A262728A30000455F38 /* BJNiOSCore.xcframework in Frameworks */,
				A1F42A3E2728A30300455F38 /* koko.xcframework in Frameworks */,
				A1F42A1C2728A2FF00455F38 /* SocketRocket.xcframework in Frameworks */,
				A1F42A2A2728A30000455F38 /* VZXRCVFeatureVirtualBackgrounds.xcframework in Frameworks */,
				A1F42A342728A30100455F38 /* videoeffects.xcframework in Frameworks */,
				A1F42A182728A2FF00455F38 /* BJNiOSBroadcastExtension.xcframework in Frameworks */,
				A1F42A3A2728A30200455F38 /* BJNHTTP.xcframework in Frameworks */,
				A1F42A322728A30100455F38 /* Swinject.xcframework in Frameworks */,
				A1F42A302728A30100455F38 /* Mixpanel.xcframework in Frameworks */,
				A1F42A242728A30000455F38 /* CocoaLumberjackSwift.xcframework in Frameworks */,
				A1F42A162728A2FF00455F38 /* bjnmediacapturer.xcframework in Frameworks */,
				A1F42A202728A2FF00455F38 /* fiberClient.xcframework in Frameworks */,
				A1E9FA7E2728AB70006CF8C2 /* BJNClientSDK.xcframework in Frameworks */,
				A1F42A402728A30300455F38 /* MMWormhole.xcframework in Frameworks */,
				A1F42A222728A30000455F38 /* BJNClientSDK.xcframework in Frameworks */,
				A1F42A1A2728A2FF00455F38 /* PubNub.xcframework in Frameworks */,
				A1F42A1E2728A2FF00455F38 /* VZXRCVVideoEffects.xcframework in Frameworks */,
			);
			runOnlyForDeploymentPostprocessing = 0;
		};
/* End PBXFrameworksBuildPhase section */

/* Begin PBXGroup section */
		A1C4AF3026E838FE006CE2C9 = {
			isa = PBXGroup;
			children = (
				A1C4AF9126E84912006CE2C9 /* README.md */,
				A1C4AF3B26E838FE006CE2C9 /* HelloBlueJeans */,
				A1C4AF3A26E838FE006CE2C9 /* Products */,
				A1C4AF5026E83DBB006CE2C9 /* Frameworks */,
			);
			sourceTree = "<group>";
		};
		A1C4AF3A26E838FE006CE2C9 /* Products */ = {
			isa = PBXGroup;
			children = (
				A1C4AF3926E838FE006CE2C9 /* HelloBlueJeans.app */,
			);
			name = Products;
			sourceTree = "<group>";
		};
		A1C4AF3B26E838FE006CE2C9 /* HelloBlueJeans */ = {
			isa = PBXGroup;
			children = (
				A1C4AF3C26E838FE006CE2C9 /* AppDelegate.swift */,
				A1C4AF3E26E838FE006CE2C9 /* SceneDelegate.swift */,
				A1C4AF4026E838FE006CE2C9 /* ViewController.swift */,
				A1C4AF4226E838FE006CE2C9 /* Main.storyboard */,
				A1C4AF4526E83901006CE2C9 /* Assets.xcassets */,
				A1C4AF4726E83901006CE2C9 /* LaunchScreen.storyboard */,
				A1C4AF4A26E83901006CE2C9 /* Info.plist */,
			);
			path = HelloBlueJeans;
			sourceTree = "<group>";
		};
		A1C4AF5026E83DBB006CE2C9 /* Frameworks */ = {
			isa = PBXGroup;
			children = (
				A1F42A0F2728A2FF00455F38 /* BJNAPIClient.xcframework */,
				A1F42A0E2728A2FF00455F38 /* BJNClientBaseCore.xcframework */,
				A1F42A072728A2FF00455F38 /* BJNClientCore.xcframework */,
				A1F42A042728A2FF00455F38 /* BJNClientSDK.xcframework */,
				A1F42A102728A2FF00455F38 /* BJNHTTP.xcframework */,
				A1F429FF2728A2FE00455F38 /* BJNiOSBroadcastExtension.xcframework */,
				A1F42A062728A2FF00455F38 /* BJNiOSCore.xcframework */,
				A1F429FE2728A2FE00455F38 /* bjnmediacapturer.xcframework */,
				A1F42A0A2728A2FF00455F38 /* CocoaLumberjack.xcframework */,
				A1F42A052728A2FF00455F38 /* CocoaLumberjackSwift.xcframework */,
				A1F42A092728A2FF00455F38 /* dvclient.xcframework */,
				A1F42A112728A2FF00455F38 /* fiber.xcframework */,
				A1F42A032728A2FF00455F38 /* fiberClient.xcframework */,
				A1F42A122728A2FF00455F38 /* koko.xcframework */,
				A1F42A0B2728A2FF00455F38 /* Mixpanel.xcframework */,
				A1F42A132728A2FF00455F38 /* MMWormhole.xcframework */,
				A1F42A002728A2FE00455F38 /* PubNub.xcframework */,
				A1F42A152728A2FF00455F38 /* Reachability.xcframework */,
				A1F42A012728A2FE00455F38 /* SocketRocket.xcframework */,
				A1F42A0C2728A2FF00455F38 /* Swinject.xcframework */,
				A1F42A0D2728A2FF00455F38 /* videoeffects.xcframework */,
				A1F42A142728A2FF00455F38 /* VZXRCVCommon.xcframework */,
				A1F42A082728A2FF00455F38 /* VZXRCVFeatureVirtualBackgrounds.xcframework */,
				A1F42A022728A2FE00455F38 /* VZXRCVVideoEffects.xcframework */,
			);
			name = Frameworks;
			sourceTree = "<group>";
		};
/* End PBXGroup section */

/* Begin PBXNativeTarget section */
		A1C4AF3826E838FE006CE2C9 /* HelloBlueJeans */ = {
			isa = PBXNativeTarget;
			buildConfigurationList = A1C4AF4D26E83901006CE2C9 /* Build configuration list for PBXNativeTarget "HelloBlueJeans" */;
			buildPhases = (
				A1C4AF3526E838FE006CE2C9 /* Sources */,
				A1C4AF3626E838FE006CE2C9 /* Frameworks */,
				A1C4AF3726E838FE006CE2C9 /* Resources */,
				A1F42A462728A30400455F38 /* Embed Frameworks */,
			);
			buildRules = (
			);
			dependencies = (
			);
			name = HelloBlueJeans;
			productName = HelloBlueJeans;
			productReference = A1C4AF3926E838FE006CE2C9 /* HelloBlueJeans.app */;
			productType = "com.apple.product-type.application";
		};
/* End PBXNativeTarget section */

/* Begin PBXProject section */
		A1C4AF3126E838FE006CE2C9 /* Project object */ = {
			isa = PBXProject;
			attributes = {
				LastSwiftUpdateCheck = 1250;
				LastUpgradeCheck = 1250;
				TargetAttributes = {
					A1C4AF3826E838FE006CE2C9 = {
						CreatedOnToolsVersion = 12.5;
					};
				};
			};
			buildConfigurationList = A1C4AF3426E838FE006CE2C9 /* Build configuration list for PBXProject "HelloBlueJeans" */;
			compatibilityVersion = "Xcode 9.3";
			developmentRegion = en;
			hasScannedForEncodings = 0;
			knownRegions = (
				en,
				Base,
			);
			mainGroup = A1C4AF3026E838FE006CE2C9;
			productRefGroup = A1C4AF3A26E838FE006CE2C9 /* Products */;
			projectDirPath = "";
			projectRoot = "";
			targets = (
				A1C4AF3826E838FE006CE2C9 /* HelloBlueJeans */,
			);
		};
/* End PBXProject section */

/* Begin PBXResourcesBuildPhase section */
		A1C4AF3726E838FE006CE2C9 /* Resources */ = {
			isa = PBXResourcesBuildPhase;
			buildActionMask = 2147483647;
			files = (
				A1C4AF9226E84912006CE2C9 /* README.md in Resources */,
				A1C4AF4926E83901006CE2C9 /* LaunchScreen.storyboard in Resources */,
				A1C4AF4626E83901006CE2C9 /* Assets.xcassets in Resources */,
				A1C4AF4426E838FE006CE2C9 /* Main.storyboard in Resources */,
			);
			runOnlyForDeploymentPostprocessing = 0;
		};
/* End PBXResourcesBuildPhase section */

/* Begin PBXSourcesBuildPhase section */
		A1C4AF3526E838FE006CE2C9 /* Sources */ = {
			isa = PBXSourcesBuildPhase;
			buildActionMask = 2147483647;
			files = (
				A1C4AF4126E838FE006CE2C9 /* ViewController.swift in Sources */,
				A1C4AF3D26E838FE006CE2C9 /* AppDelegate.swift in Sources */,
				A1C4AF3F26E838FE006CE2C9 /* SceneDelegate.swift in Sources */,
			);
			runOnlyForDeploymentPostprocessing = 0;
		};
/* End PBXSourcesBuildPhase section */

/* Begin PBXVariantGroup section */
		A1C4AF4226E838FE006CE2C9 /* Main.storyboard */ = {
			isa = PBXVariantGroup;
			children = (
				A1C4AF4326E838FE006CE2C9 /* Base */,
			);
			name = Main.storyboard;
			sourceTree = "<group>";
		};
		A1C4AF4726E83901006CE2C9 /* LaunchScreen.storyboard */ = {
			isa = PBXVariantGroup;
			children = (
				A1C4AF4826E83901006CE2C9 /* Base */,
			);
			name = LaunchScreen.storyboard;
			sourceTree = "<group>";
		};
/* End PBXVariantGroup section */

/* Begin XCBuildConfiguration section */
		A1C4AF4B26E83901006CE2C9 /* Debug */ = {
			isa = XCBuildConfiguration;
			buildSettings = {
				ALWAYS_SEARCH_USER_PATHS = NO;
				CLANG_ANALYZER_NONNULL = YES;
				CLANG_ANALYZER_NUMBER_OBJECT_CONVERSION = YES_AGGRESSIVE;
				CLANG_CXX_LANGUAGE_STANDARD = "gnu++14";
				CLANG_CXX_LIBRARY = "libc++";
				CLANG_ENABLE_MODULES = YES;
				CLANG_ENABLE_OBJC_ARC = YES;
				CLANG_ENABLE_OBJC_WEAK = YES;
				CLANG_WARN_BLOCK_CAPTURE_AUTORELEASING = YES;
				CLANG_WARN_BOOL_CONVERSION = YES;
				CLANG_WARN_COMMA = YES;
				CLANG_WARN_CONSTANT_CONVERSION = YES;
				CLANG_WARN_DEPRECATED_OBJC_IMPLEMENTATIONS = YES;
				CLANG_WARN_DIRECT_OBJC_ISA_USAGE = YES_ERROR;
				CLANG_WARN_DOCUMENTATION_COMMENTS = YES;
				CLANG_WARN_EMPTY_BODY = YES;
				CLANG_WARN_ENUM_CONVERSION = YES;
				CLANG_WARN_INFINITE_RECURSION = YES;
				CLANG_WARN_INT_CONVERSION = YES;
				CLANG_WARN_NON_LITERAL_NULL_CONVERSION = YES;
				CLANG_WARN_OBJC_IMPLICIT_RETAIN_SELF = YES;
				CLANG_WARN_OBJC_LITERAL_CONVERSION = YES;
				CLANG_WARN_OBJC_ROOT_CLASS = YES_ERROR;
				CLANG_WARN_QUOTED_INCLUDE_IN_FRAMEWORK_HEADER = YES;
				CLANG_WARN_RANGE_LOOP_ANALYSIS = YES;
				CLANG_WARN_STRICT_PROTOTYPES = YES;
				CLANG_WARN_SUSPICIOUS_MOVE = YES;
				CLANG_WARN_UNGUARDED_AVAILABILITY = YES_AGGRESSIVE;
				CLANG_WARN_UNREACHABLE_CODE = YES;
				CLANG_WARN__DUPLICATE_METHOD_MATCH = YES;
				COPY_PHASE_STRIP = NO;
				DEBUG_INFORMATION_FORMAT = dwarf;
				ENABLE_BITCODE = NO;
				ENABLE_STRICT_OBJC_MSGSEND = YES;
				ENABLE_TESTABILITY = YES;
				GCC_C_LANGUAGE_STANDARD = gnu11;
				GCC_DYNAMIC_NO_PIC = NO;
				GCC_NO_COMMON_BLOCKS = YES;
				GCC_OPTIMIZATION_LEVEL = 0;
				GCC_PREPROCESSOR_DEFINITIONS = (
					"DEBUG=1",
					"$(inherited)",
				);
				GCC_WARN_64_TO_32_BIT_CONVERSION = YES;
				GCC_WARN_ABOUT_RETURN_TYPE = YES_ERROR;
				GCC_WARN_UNDECLARED_SELECTOR = YES;
				GCC_WARN_UNINITIALIZED_AUTOS = YES_AGGRESSIVE;
				GCC_WARN_UNUSED_FUNCTION = YES;
				GCC_WARN_UNUSED_VARIABLE = YES;
				IPHONEOS_DEPLOYMENT_TARGET = 13.0;
				MTL_ENABLE_DEBUG_INFO = INCLUDE_SOURCE;
				MTL_FAST_MATH = YES;
				ONLY_ACTIVE_ARCH = YES;
				SDKROOT = iphoneos;
				SWIFT_ACTIVE_COMPILATION_CONDITIONS = DEBUG;
				SWIFT_OPTIMIZATION_LEVEL = "-Onone";
			};
			name = Debug;
		};
		A1C4AF4C26E83901006CE2C9 /* Release */ = {
			isa = XCBuildConfiguration;
			buildSettings = {
				ALWAYS_SEARCH_USER_PATHS = NO;
				CLANG_ANALYZER_NONNULL = YES;
				CLANG_ANALYZER_NUMBER_OBJECT_CONVERSION = YES_AGGRESSIVE;
				CLANG_CXX_LANGUAGE_STANDARD = "gnu++14";
				CLANG_CXX_LIBRARY = "libc++";
				CLANG_ENABLE_MODULES = YES;
				CLANG_ENABLE_OBJC_ARC = YES;
				CLANG_ENABLE_OBJC_WEAK = YES;
				CLANG_WARN_BLOCK_CAPTURE_AUTORELEASING = YES;
				CLANG_WARN_BOOL_CONVERSION = YES;
				CLANG_WARN_COMMA = YES;
				CLANG_WARN_CONSTANT_CONVERSION = YES;
				CLANG_WARN_DEPRECATED_OBJC_IMPLEMENTATIONS = YES;
				CLANG_WARN_DIRECT_OBJC_ISA_USAGE = YES_ERROR;
				CLANG_WARN_DOCUMENTATION_COMMENTS = YES;
				CLANG_WARN_EMPTY_BODY = YES;
				CLANG_WARN_ENUM_CONVERSION = YES;
				CLANG_WARN_INFINITE_RECURSION = YES;
				CLANG_WARN_INT_CONVERSION = YES;
				CLANG_WARN_NON_LITERAL_NULL_CONVERSION = YES;
				CLANG_WARN_OBJC_IMPLICIT_RETAIN_SELF = YES;
				CLANG_WARN_OBJC_LITERAL_CONVERSION = YES;
				CLANG_WARN_OBJC_ROOT_CLASS = YES_ERROR;
				CLANG_WARN_QUOTED_INCLUDE_IN_FRAMEWORK_HEADER = YES;
				CLANG_WARN_RANGE_LOOP_ANALYSIS = YES;
				CLANG_WARN_STRICT_PROTOTYPES = YES;
				CLANG_WARN_SUSPICIOUS_MOVE = YES;
				CLANG_WARN_UNGUARDED_AVAILABILITY = YES_AGGRESSIVE;
				CLANG_WARN_UNREACHABLE_CODE = YES;
				CLANG_WARN__DUPLICATE_METHOD_MATCH = YES;
				COPY_PHASE_STRIP = NO;
				DEBUG_INFORMATION_FORMAT = "dwarf-with-dsym";
				ENABLE_BITCODE = NO;
				ENABLE_NS_ASSERTIONS = NO;
				ENABLE_STRICT_OBJC_MSGSEND = YES;
				GCC_C_LANGUAGE_STANDARD = gnu11;
				GCC_NO_COMMON_BLOCKS = YES;
				GCC_WARN_64_TO_32_BIT_CONVERSION = YES;
				GCC_WARN_ABOUT_RETURN_TYPE = YES_ERROR;
				GCC_WARN_UNDECLARED_SELECTOR = YES;
				GCC_WARN_UNINITIALIZED_AUTOS = YES_AGGRESSIVE;
				GCC_WARN_UNUSED_FUNCTION = YES;
				GCC_WARN_UNUSED_VARIABLE = YES;
				IPHONEOS_DEPLOYMENT_TARGET = 13.0;
				MTL_ENABLE_DEBUG_INFO = NO;
				MTL_FAST_MATH = YES;
				SDKROOT = iphoneos;
				SWIFT_COMPILATION_MODE = wholemodule;
				SWIFT_OPTIMIZATION_LEVEL = "-O";
				VALIDATE_PRODUCT = YES;
			};
			name = Release;
		};
		A1C4AF4E26E83901006CE2C9 /* Debug */ = {
			isa = XCBuildConfiguration;
			buildSettings = {
				ASSETCATALOG_COMPILER_APPICON_NAME = AppIcon;
				ASSETCATALOG_COMPILER_GLOBAL_ACCENT_COLOR_NAME = AccentColor;
				CODE_SIGN_IDENTITY = "Apple Development";
				CODE_SIGN_STYLE = Automatic;
				DEVELOPMENT_ASSET_PATHS = "";
				DEVELOPMENT_TEAM = "";
				INFOPLIST_FILE = HelloBlueJeans/Info.plist;
				IPHONEOS_DEPLOYMENT_TARGET = 13.0;
				LD_RUNPATH_SEARCH_PATHS = (
					"$(inherited)",
					"@executable_path/Frameworks",
				);
				PRODUCT_BUNDLE_IDENTIFIER = your.uniqueid.HelloBlueJeans;
				PRODUCT_NAME = "$(TARGET_NAME)";
				PROVISIONING_PROFILE_SPECIFIER = "";
				SWIFT_VERSION = 5.0;
				TARGETED_DEVICE_FAMILY = "1,2";
			};
			name = Debug;
		};
		A1C4AF4F26E83901006CE2C9 /* Release */ = {
			isa = XCBuildConfiguration;
			buildSettings = {
				ASSETCATALOG_COMPILER_APPICON_NAME = AppIcon;
				ASSETCATALOG_COMPILER_GLOBAL_ACCENT_COLOR_NAME = AccentColor;
				CODE_SIGN_IDENTITY = "Apple Development";
				CODE_SIGN_STYLE = Automatic;
				DEVELOPMENT_ASSET_PATHS = "";
				DEVELOPMENT_TEAM = "";
				INFOPLIST_FILE = HelloBlueJeans/Info.plist;
				IPHONEOS_DEPLOYMENT_TARGET = 13.0;
				LD_RUNPATH_SEARCH_PATHS = (
					"$(inherited)",
					"@executable_path/Frameworks",
				);
				PRODUCT_BUNDLE_IDENTIFIER = your.uniqueid.HelloBlueJeans;
				PRODUCT_NAME = "$(TARGET_NAME)";
				PROVISIONING_PROFILE_SPECIFIER = "";
				SWIFT_VERSION = 5.0;
				TARGETED_DEVICE_FAMILY = "1,2";
			};
			name = Release;
		};
/* End XCBuildConfiguration section */

/* Begin XCConfigurationList section */
		A1C4AF3426E838FE006CE2C9 /* Build configuration list for PBXProject "HelloBlueJeans" */ = {
			isa = XCConfigurationList;
			buildConfigurations = (
				A1C4AF4B26E83901006CE2C9 /* Debug */,
				A1C4AF4C26E83901006CE2C9 /* Release */,
			);
			defaultConfigurationIsVisible = 0;
			defaultConfigurationName = Release;
		};
		A1C4AF4D26E83901006CE2C9 /* Build configuration list for PBXNativeTarget "HelloBlueJeans" */ = {
			isa = XCConfigurationList;
			buildConfigurations = (
				A1C4AF4E26E83901006CE2C9 /* Debug */,
				A1C4AF4F26E83901006CE2C9 /* Release */,
			);
			defaultConfigurationIsVisible = 0;
			defaultConfigurationName = Release;
		};
/* End XCConfigurationList section */
	};
	rootObject = A1C4AF3126E838FE006CE2C9 /* Project object */;
}
